PODS:
  - FBSnapshotTestCase (2.1.4):
    - FBSnapshotTestCase/SwiftSupport (= 2.1.4)
  - FBSnapshotTestCase/Core (2.1.4)
  - FBSnapshotTestCase/SwiftSupport (2.1.4):
    - FBSnapshotTestCase/Core
  - FontAwesome.swift (1.8.3)
  - Nimble (7.3.4)
  - Nimble-Snapshots (6.3.0):
    - Nimble-Snapshots/Core (= 6.3.0)
  - Nimble-Snapshots/Core (6.3.0):
    - FBSnapshotTestCase (~> 2.0)
    - Nimble (~> 7.0)
  - Quick (1.2.0)
  - TimePickerPod (0.1.0):
    - FontAwesome.swift (~> 1.8)

DEPENDENCIES:
  - FBSnapshotTestCase (~> 2.1.4)
  - FontAwesome.swift (~> 1.8)
  - Nimble (~> 7.0)
  - Nimble-Snapshots (~> 6.3.0)
  - Quick (~> 1.2.0)
  - TimePickerPod (from `../`)

SPEC REPOS:
  trunk:
    - FBSnapshotTestCase
    - FontAwesome.swift
    - Nimble
    - Nimble-Snapshots
    - Quick

EXTERNAL SOURCES:
  TimePickerPod:
    :path: "../"

SPEC CHECKSUMS:
  FBSnapshotTestCase: 094f9f314decbabe373b87cc339bea235a63e07a
  FontAwesome.swift: 2a3235131a6caffc6b2ccba318e94d793b2fd342
  Nimble: 051e3d8912d40138fa5591c78594f95fb172af37
  Nimble-Snapshots: f5459b5b091678dc942d03ec4741cacb58ba4a52
  Quick: 58d203b1c5e27fff7229c4c1ae445ad7069a7a08
  TimePickerPod: 7537ef3bb30c522717579ea7e0c621e16f3db205

PODFILE CHECKSUM: 86819f5c5df80fc7423cd6306e5ba1fcdb5ef2e3

COCOAPODS: 1.8.4
